
Microsoft Visual Studio Solution File, Format Version 12.00
# Visual Studio Version 17
VisualStudioVersion = 17.3.32901.215
MinimumVisualStudioVersion = 10.0.40219.1
Project("{9A19103F-16F7-4668-BE54-9A1E7A4F7556}") = "API", "API\API.csproj", "{A2B43E63-CB77-414A-A350-85FE28EDC459}"
EndProject
Project("{FAE04EC0-301F-11D3-BF4B-00C04F79EFBC}") = "DataLayer", "DataLayer\DataLayer.csproj", "{EE410D67-E856-4732-8D56-F55C116EDCEE}"
EndProject
Project("{FAE04EC0-301F-11D3-BF4B-00C04F79EFBC}") = "BusinessLayer", "BusinessLayer\BusinessLayer.csproj", "{23192E38-3E46-4993-AFF8-AA26E6110588}"
EndProject
Global
	GlobalSection(SolutionConfigurationPlatforms) = preSolution
		Debug|Any CPU = Debug|Any CPU
		Release|Any CPU = Release|Any CPU
	EndGlobalSection
	GlobalSection(ProjectConfigurationPlatforms) = postSolution
		{A2B43E63-CB77-414A-A350-85FE28EDC459}.Debug|Any CPU.ActiveCfg = Debug|Any CPU
		{A2B43E63-CB77-414A-A350-85FE28EDC459}.Debug|Any CPU.Build.0 = Debug|Any CPU
		{A2B43E63-CB77-414A-A350-85FE28EDC459}.Release|Any CPU.ActiveCfg = Release|Any CPU
		{A2B43E63-CB77-414A-A350-85FE28EDC459}.Release|Any CPU.Build.0 = Release|Any CPU
		{EE410D67-E856-4732-8D56-F55C116EDCEE}.Debug|Any CPU.ActiveCfg = Debug|Any CPU
		{EE410D67-E856-4732-8D56-F55C116EDCEE}.Debug|Any CPU.Build.0 = Debug|Any CPU
		{EE410D67-E856-4732-8D56-F55C116EDCEE}.Release|Any CPU.ActiveCfg = Release|Any CPU
		{EE410D67-E856-4732-8D56-F55C116EDCEE}.Release|Any CPU.Build.0 = Release|Any CPU
		{23192E38-3E46-4993-AFF8-AA26E6110588}.Debug|Any CPU.ActiveCfg = Debug|Any CPU
		{23192E38-3E46-4993-AFF8-AA26E6110588}.Debug|Any CPU.Build.0 = Debug|Any CPU
		{23192E38-3E46-4993-AFF8-AA26E6110588}.Release|Any CPU.ActiveCfg = Release|Any CPU
		{23192E38-3E46-4993-AFF8-AA26E6110588}.Release|Any CPU.Build.0 = Release|Any CPU
	EndGlobalSection
	GlobalSection(SolutionProperties) = preSolution
		HideSolutionNode = FALSE
	EndGlobalSection
	GlobalSection(ExtensibilityGlobals) = postSolution
		SolutionGuid = {A3A340DA-5444-4FE5-9028-786F3DC4BB53}
	EndGlobalSection
EndGlobal
